
Microsoft Visual Studio Solution File, Format Version 12.00
# Visual Studio 15
VisualStudioVersion = 15.0.28307.645
MinimumVisualStudioVersion = 10.0.40219.1
Project("{FAE04EC0-301F-11D3-BF4B-00C04F79EFBC}") = "BernieTexter", "BernieTexter\BernieTexter.csproj", "{0700EC4E-BB90-4736-BDFA-94CADD6F1995}"
EndProject
Global
	GlobalSection(SolutionConfigurationPlatforms) = preSolution
		Debug|Any CPU = Debug|Any CPU
		Release|Any CPU = Release|Any CPU
	EndGlobalSection
	GlobalSection(ProjectConfigurationPlatforms) = postSolution
		{0700EC4E-BB90-4736-BDFA-94CADD6F1995}.Debug|Any CPU.ActiveCfg = Debug|Any CPU
		{0700EC4E-BB90-4736-BDFA-94CADD6F1995}.Debug|Any CPU.Build.0 = Debug|Any CPU
		{0700EC4E-BB90-4736-BDFA-94CADD6F1995}.Release|Any CPU.ActiveCfg = Release|Any CPU
		{0700EC4E-BB90-4736-BDFA-94CADD6F1995}.Release|Any CPU.Build.0 = Release|Any CPU
	EndGlobalSection
	GlobalSection(SolutionProperties) = preSolution
		HideSolutionNode = FALSE
	EndGlobalSection
	GlobalSection(ExtensibilityGlobals) = postSolution
		SolutionGuid = {070AB2D1-BE50-426F-8DCC-BE83D9190DAB}
	EndGlobalSection
EndGlobal
